{
  "lockfileVersion": 1,
  "workspaces": {
    "": {
      "name": "election",
      "dependencies": {
        "@solana/kit": "^2.1.1",
        "solana-kite": "1.4.0",
      },
      "devDependencies": {
        "@codama/nodes-from-anchor": "1.2.1",
        "@codama/renderers": "1.0.24",
        "@types/node": "24.0.10",
        "codama": "^1.2.8",
        "prettier": "3.6.2",
        "tsx": "4.20.3",
        "typescript": "^5.8.2",
      },
    },
  },
  "packages": {
    "@codama/errors": ["@codama/errors@1.3.0", "", { "dependencies": { "@codama/node-types": "1.3.0", "chalk": "^5.4.1", "commander": "^13.1.0" }, "bin": { "errors": "bin/cli.cjs" } }, "sha512-pYp/gOi1c/9btrybWvH2iK5jj7SOpMmyLm9EqbxrivV+lqzfEogU8IG+BLch9sqnuhPgg/PzCaB4sYd438UC/Q=="],

    "@codama/node-types": ["@codama/node-types@1.3.0", "", {}, "sha512-3dPbMXR/QgKUqXMMxc6PUi2f8Dq6eZ9P/v6+ChTQFLGhSQmqC1PsCbL77PuM7mf4IK9np1RXFqbC/EVpgLvbgA=="],

    "@codama/nodes": ["@codama/nodes@1.3.0", "", { "dependencies": { "@codama/errors": "1.3.0", "@codama/node-types": "1.3.0" } }, "sha512-Spf+Whm4jBLFxGPtJuDGmteGe+avoIDnh6rsByU1iJlYmcJJLjZayexFkvW8+1IeDclUMPQYBSj6SjuQEItLqQ=="],

    "@codama/nodes-from-anchor": ["@codama/nodes-from-anchor@1.2.1", "", { "dependencies": { "@codama/errors": "1.3.0", "@codama/nodes": "1.3.0", "@codama/visitors": "1.3.0", "@noble/hashes": "^1.8.0", "@solana/codecs": "2.1.1" } }, "sha512-IzQtPDeKt4LyBWCspFtArEtyYWSthl8my9UzGHqBgvnXx/glyiJ3YuyMV7UbT7uId0Sk2iNW79N9ARp3myVKjg=="],

    "@codama/renderers": ["@codama/renderers@1.0.24", "", { "dependencies": { "@codama/renderers-js": "1.2.14", "@codama/renderers-js-umi": "1.1.15", "@codama/renderers-rust": "1.1.0" } }, "sha512-4Vpc2X5DQShKNyBNk375sMVo+BfhyQx1CB4WXcBigd7/YzOzeRDqjsYbaxRriUuecmZvDFPhYo8q8EC8N83dbg=="],

    "@codama/renderers-core": ["@codama/renderers-core@1.0.16", "", { "dependencies": { "@codama/errors": "1.3.0", "@codama/nodes": "1.3.0", "@codama/visitors-core": "1.3.0" } }, "sha512-IJshH6JsX7GUaYmC6KlOd5pLLyW1Yqd0I8B0pVWvvv9BfPNosC4t4RfusHSkYQePkIvs7CJ7YlwUywwW36Vt8A=="],

    "@codama/renderers-js": ["@codama/renderers-js@1.2.14", "", { "dependencies": { "@codama/errors": "1.3.0", "@codama/nodes": "1.3.0", "@codama/renderers-core": "1.0.16", "@codama/visitors-core": "1.3.0", "@solana/codecs-strings": "^2.1.0", "nunjucks": "^3.2.4", "prettier": "^3.5.3" } }, "sha512-KukxwlX5iJpMBMRsiVY6vrmMipw8MbgHdNO3WFkNV1hO2F/ykhZfdHtZVEVL0Z/dNCBNfExLpign00teneCIoA=="],

    "@codama/renderers-js-umi": ["@codama/renderers-js-umi@1.1.15", "", { "dependencies": { "@codama/errors": "1.3.0", "@codama/nodes": "1.3.0", "@codama/renderers-core": "1.0.16", "@codama/validators": "1.3.0", "@codama/visitors-core": "1.3.0", "@solana/codecs-strings": "rc", "nunjucks": "^3.2.4", "prettier": "^3.5.3" } }, "sha512-6f3o+zCF0Fn0fYj4j5SxziPc+NYZzZBhCIKx0npJWcCfbW35TiFYw6nMVNhR1D3amkFQf+PLzQZahjWYjNOqgA=="],

    "@codama/renderers-rust": ["@codama/renderers-rust@1.1.0", "", { "dependencies": { "@codama/errors": "1.3.0", "@codama/nodes": "1.3.0", "@codama/renderers-core": "1.0.16", "@codama/visitors-core": "1.3.0", "@solana/codecs-strings": "rc", "nunjucks": "^3.2.4" } }, "sha512-rddbb+gg25rC5F8x+F3E6q/Ms26cdzbPHFlWAv37TcqzZxT/Tzn/WWo+wMcAVTuM2IGx03PJ1a25kQ05NfXsVw=="],

    "@codama/validators": ["@codama/validators@1.3.0", "", { "dependencies": { "@codama/errors": "1.3.0", "@codama/nodes": "1.3.0", "@codama/visitors-core": "1.3.0" } }, "sha512-s6rG3fJSvS7zc+fQ5yJN1NHlGQiut+P3Bpi5sQcEikjdWDDezu4OOgkxTh8ksTsCu8Rsif2hVzFYDLMcKjNrag=="],

    "@codama/visitors": ["@codama/visitors@1.3.0", "", { "dependencies": { "@codama/errors": "1.3.0", "@codama/nodes": "1.3.0", "@codama/visitors-core": "1.3.0" } }, "sha512-xcFae6NwC6Omr9tDm6P8rF3IDm5jWe2VMPomixaAc7+mpRhAWLbsg+FYCi0E09NvADo4C1tGo8U/SsvZLATUsQ=="],

    "@codama/visitors-core": ["@codama/visitors-core@1.3.0", "", { "dependencies": { "@codama/errors": "1.3.0", "@codama/nodes": "1.3.0", "json-stable-stringify": "^1.3.0" } }, "sha512-Lldy0aOc882QYDa1IhjXhwpDsQE7oirBaebRddggXYFQs4+cvFROibHXBqG2npHPvQM4Mot6dJHQqffB/QL4iQ=="],

    "@esbuild/aix-ppc64": ["@esbuild/aix-ppc64@0.25.5", "", { "os": "aix", "cpu": "ppc64" }, "sha512-9o3TMmpmftaCMepOdA5k/yDw8SfInyzWWTjYTFCX3kPSDJMROQTb8jg+h9Cnwnmm1vOzvxN7gIfB5V2ewpjtGA=="],

    "@esbuild/android-arm": ["@esbuild/android-arm@0.25.5", "", { "os": "android", "cpu": "arm" }, "sha512-AdJKSPeEHgi7/ZhuIPtcQKr5RQdo6OO2IL87JkianiMYMPbCtot9fxPbrMiBADOWWm3T2si9stAiVsGbTQFkbA=="],

    "@esbuild/android-arm64": ["@esbuild/android-arm64@0.25.5", "", { "os": "android", "cpu": "arm64" }, "sha512-VGzGhj4lJO+TVGV1v8ntCZWJktV7SGCs3Pn1GRWI1SBFtRALoomm8k5E9Pmwg3HOAal2VDc2F9+PM/rEY6oIDg=="],

    "@esbuild/android-x64": ["@esbuild/android-x64@0.25.5", "", { "os": "android", "cpu": "x64" }, "sha512-D2GyJT1kjvO//drbRT3Hib9XPwQeWd9vZoBJn+bu/lVsOZ13cqNdDeqIF/xQ5/VmWvMduP6AmXvylO/PIc2isw=="],

    "@esbuild/darwin-arm64": ["@esbuild/darwin-arm64@0.25.5", "", { "os": "darwin", "cpu": "arm64" }, "sha512-GtaBgammVvdF7aPIgH2jxMDdivezgFu6iKpmT+48+F8Hhg5J/sfnDieg0aeG/jfSvkYQU2/pceFPDKlqZzwnfQ=="],

    "@esbuild/darwin-x64": ["@esbuild/darwin-x64@0.25.5", "", { "os": "darwin", "cpu": "x64" }, "sha512-1iT4FVL0dJ76/q1wd7XDsXrSW+oLoquptvh4CLR4kITDtqi2e/xwXwdCVH8hVHU43wgJdsq7Gxuzcs6Iq/7bxQ=="],

    "@esbuild/freebsd-arm64": ["@esbuild/freebsd-arm64@0.25.5", "", { "os": "freebsd", "cpu": "arm64" }, "sha512-nk4tGP3JThz4La38Uy/gzyXtpkPW8zSAmoUhK9xKKXdBCzKODMc2adkB2+8om9BDYugz+uGV7sLmpTYzvmz6Sw=="],

    "@esbuild/freebsd-x64": ["@esbuild/freebsd-x64@0.25.5", "", { "os": "freebsd", "cpu": "x64" }, "sha512-PrikaNjiXdR2laW6OIjlbeuCPrPaAl0IwPIaRv+SMV8CiM8i2LqVUHFC1+8eORgWyY7yhQY+2U2fA55mBzReaw=="],

    "@esbuild/linux-arm": ["@esbuild/linux-arm@0.25.5", "", { "os": "linux", "cpu": "arm" }, "sha512-cPzojwW2okgh7ZlRpcBEtsX7WBuqbLrNXqLU89GxWbNt6uIg78ET82qifUy3W6OVww6ZWobWub5oqZOVtwolfw=="],

    "@esbuild/linux-arm64": ["@esbuild/linux-arm64@0.25.5", "", { "os": "linux", "cpu": "arm64" }, "sha512-Z9kfb1v6ZlGbWj8EJk9T6czVEjjq2ntSYLY2cw6pAZl4oKtfgQuS4HOq41M/BcoLPzrUbNd+R4BXFyH//nHxVg=="],

    "@esbuild/linux-ia32": ["@esbuild/linux-ia32@0.25.5", "", { "os": "linux", "cpu": "ia32" }, "sha512-sQ7l00M8bSv36GLV95BVAdhJ2QsIbCuCjh/uYrWiMQSUuV+LpXwIqhgJDcvMTj+VsQmqAHL2yYaasENvJ7CDKA=="],

    "@esbuild/linux-loong64": ["@esbuild/linux-loong64@0.25.5", "", { "os": "linux", "cpu": "none" }, "sha512-0ur7ae16hDUC4OL5iEnDb0tZHDxYmuQyhKhsPBV8f99f6Z9KQM02g33f93rNH5A30agMS46u2HP6qTdEt6Q1kg=="],

    "@esbuild/linux-mips64el": ["@esbuild/linux-mips64el@0.25.5", "", { "os": "linux", "cpu": "none" }, "sha512-kB/66P1OsHO5zLz0i6X0RxlQ+3cu0mkxS3TKFvkb5lin6uwZ/ttOkP3Z8lfR9mJOBk14ZwZ9182SIIWFGNmqmg=="],

    "@esbuild/linux-ppc64": ["@esbuild/linux-ppc64@0.25.5", "", { "os": "linux", "cpu": "ppc64" }, "sha512-UZCmJ7r9X2fe2D6jBmkLBMQetXPXIsZjQJCjgwpVDz+YMcS6oFR27alkgGv3Oqkv07bxdvw7fyB71/olceJhkQ=="],

    "@esbuild/linux-riscv64": ["@esbuild/linux-riscv64@0.25.5", "", { "os": "linux", "cpu": "none" }, "sha512-kTxwu4mLyeOlsVIFPfQo+fQJAV9mh24xL+y+Bm6ej067sYANjyEw1dNHmvoqxJUCMnkBdKpvOn0Ahql6+4VyeA=="],

    "@esbuild/linux-s390x": ["@esbuild/linux-s390x@0.25.5", "", { "os": "linux", "cpu": "s390x" }, "sha512-K2dSKTKfmdh78uJ3NcWFiqyRrimfdinS5ErLSn3vluHNeHVnBAFWC8a4X5N+7FgVE1EjXS1QDZbpqZBjfrqMTQ=="],

    "@esbuild/linux-x64": ["@esbuild/linux-x64@0.25.5", "", { "os": "linux", "cpu": "x64" }, "sha512-uhj8N2obKTE6pSZ+aMUbqq+1nXxNjZIIjCjGLfsWvVpy7gKCOL6rsY1MhRh9zLtUtAI7vpgLMK6DxjO8Qm9lJw=="],

    "@esbuild/netbsd-arm64": ["@esbuild/netbsd-arm64@0.25.5", "", { "os": "none", "cpu": "arm64" }, "sha512-pwHtMP9viAy1oHPvgxtOv+OkduK5ugofNTVDilIzBLpoWAM16r7b/mxBvfpuQDpRQFMfuVr5aLcn4yveGvBZvw=="],

    "@esbuild/netbsd-x64": ["@esbuild/netbsd-x64@0.25.5", "", { "os": "none", "cpu": "x64" }, "sha512-WOb5fKrvVTRMfWFNCroYWWklbnXH0Q5rZppjq0vQIdlsQKuw6mdSihwSo4RV/YdQ5UCKKvBy7/0ZZYLBZKIbwQ=="],

    "@esbuild/openbsd-arm64": ["@esbuild/openbsd-arm64@0.25.5", "", { "os": "openbsd", "cpu": "arm64" }, "sha512-7A208+uQKgTxHd0G0uqZO8UjK2R0DDb4fDmERtARjSHWxqMTye4Erz4zZafx7Di9Cv+lNHYuncAkiGFySoD+Mw=="],

    "@esbuild/openbsd-x64": ["@esbuild/openbsd-x64@0.25.5", "", { "os": "openbsd", "cpu": "x64" }, "sha512-G4hE405ErTWraiZ8UiSoesH8DaCsMm0Cay4fsFWOOUcz8b8rC6uCvnagr+gnioEjWn0wC+o1/TAHt+It+MpIMg=="],

    "@esbuild/sunos-x64": ["@esbuild/sunos-x64@0.25.5", "", { "os": "sunos", "cpu": "x64" }, "sha512-l+azKShMy7FxzY0Rj4RCt5VD/q8mG/e+mDivgspo+yL8zW7qEwctQ6YqKX34DTEleFAvCIUviCFX1SDZRSyMQA=="],

    "@esbuild/win32-arm64": ["@esbuild/win32-arm64@0.25.5", "", { "os": "win32", "cpu": "arm64" }, "sha512-O2S7SNZzdcFG7eFKgvwUEZ2VG9D/sn/eIiz8XRZ1Q/DO5a3s76Xv0mdBzVM5j5R639lXQmPmSo0iRpHqUUrsxw=="],

    "@esbuild/win32-ia32": ["@esbuild/win32-ia32@0.25.5", "", { "os": "win32", "cpu": "ia32" }, "sha512-onOJ02pqs9h1iMJ1PQphR+VZv8qBMQ77Klcsqv9CNW2w6yLqoURLcgERAIurY6QE63bbLuqgP9ATqajFLK5AMQ=="],

    "@esbuild/win32-x64": ["@esbuild/win32-x64@0.25.5", "", { "os": "win32", "cpu": "x64" }, "sha512-TXv6YnJ8ZMVdX+SXWVBo/0p8LTcrUYngpWjvm91TMjjBQii7Oz11Lw5lbDV5Y0TzuhSJHwiH4hEtC1I42mMS0g=="],

    "@noble/hashes": ["@noble/hashes@1.8.0", "", {}, ""],

    "@solana-program/compute-budget": ["@solana-program/compute-budget@0.7.0", "", { "peerDependencies": { "@solana/kit": "^2.1.0" } }, "sha512-/JJSE1fKO5zx7Z55Z2tLGWBDDi7tUE+xMlK8qqkHlY51KpqksMsIBzQMkG9Dqhoe2Cnn5/t3QK1nJKqW6eHzpg=="],

    "@solana-program/memo": ["@solana-program/memo@0.7.0", "", { "peerDependencies": { "@solana/kit": "^2.1.0" } }, "sha512-3T9iUjWSYtN/5S5jzJuasD2yQfVfFAQ9yTwIE25+P9peWqz4oarn6ZQvRj/FLcBqaMLtSqLhU1hN2cyVBS6hyg=="],

    "@solana-program/system": ["@solana-program/system@0.7.0", "", { "peerDependencies": { "@solana/kit": "^2.1.0" } }, "sha512-FKTBsKHpvHHNc1ATRm7SlC5nF/VdJtOSjldhcyfMN9R7xo712Mo2jHIzvBgn8zQO5Kg0DcWuKB7268Kv1ocicw=="],

    "@solana-program/token": ["@solana-program/token@0.5.1", "", { "peerDependencies": { "@solana/kit": "^2.1.0" } }, "sha512-bJvynW5q9SFuVOZ5vqGVkmaPGA0MCC+m9jgJj1nk5m20I389/ms69ASnhWGoOPNcie7S9OwBX0gTj2fiyWpfag=="],

    "@solana-program/token-2022": ["@solana-program/token-2022@0.4.1", "", { "peerDependencies": { "@solana/kit": "^2.1.0", "@solana/sysvars": "^2.1.0" } }, "sha512-zIjdwUwirmvvF1nb95I/88+76d9HPCmAIcjjM4NpznDFjZpPItpfKIbTyp/uxeVOzi7d5LmvuvXRr373gpdGCg=="],

    "@solana/accounts": ["@solana/accounts@2.1.1", "", { "dependencies": { "@solana/addresses": "2.1.1", "@solana/codecs-core": "2.1.1", "@solana/codecs-strings": "2.1.1", "@solana/errors": "2.1.1", "@solana/rpc-spec": "2.1.1", "@solana/rpc-types": "2.1.1" }, "peerDependencies": { "typescript": ">=5.3.3" } }, "sha512-Q9mG0o/6oyiUSw1CXCkG50TWlYiODJr3ZilEDLIyXpYJzOstRZM4XOzbRACveX4PXFoufPzpR1sSVK6qfcUUCw=="],

    "@solana/addresses": ["@solana/addresses@2.1.1", "", { "dependencies": { "@solana/assertions": "2.1.1", "@solana/codecs-core": "2.1.1", "@solana/codecs-strings": "2.1.1", "@solana/errors": "2.1.1", "@solana/nominal-types": "2.1.1" }, "peerDependencies": { "typescript": ">=5.3.3" } }, "sha512-yX6+brBXFmirxXDJCBDNKDYbGZHMZHaZS4NJWZs31DTe5To3Ky3Y9g3wFEGAX242kfNyJcgg5OeoBuZ7vdFycQ=="],

    "@solana/assertions": ["@solana/assertions@2.1.1", "", { "dependencies": { "@solana/errors": "2.1.1" }, "peerDependencies": { "typescript": ">=5.3.3" } }, "sha512-ln6dXkliyb9ybqLGFf5Gn+LJaPZGmer9KloIFfHiiSfYFdoAqOu6+pVY+323SKWXHG+hHl9VkwuZYpSp02OroA=="],

    "@solana/codecs": ["@solana/codecs@2.1.1", "", { "dependencies": { "@solana/codecs-core": "2.1.1", "@solana/codecs-data-structures": "2.1.1", "@solana/codecs-numbers": "2.1.1", "@solana/codecs-strings": "2.1.1", "@solana/options": "2.1.1" }, "peerDependencies": { "typescript": ">=5.3.3" } }, "sha512-89Fv22fZ5dNiXjOKh6I3U1D/lVO/dF/cPHexdiqjS5k5R5uKeK3506rhcnc4ciawQAoOkDwHzW+HitUumF2PJg=="],

    "@solana/codecs-core": ["@solana/codecs-core@2.1.1", "", { "dependencies": { "@solana/errors": "2.1.1" }, "peerDependencies": { "typescript": ">=5.3.3" } }, ""],

    "@solana/codecs-data-structures": ["@solana/codecs-data-structures@2.1.1", "", { "dependencies": { "@solana/codecs-core": "2.1.1", "@solana/codecs-numbers": "2.1.1", "@solana/errors": "2.1.1" }, "peerDependencies": { "typescript": ">=5.3.3" } }, "sha512-OcR7FIhWDFqg6gEslbs2GVKeDstGcSDpkZo9SeV4bm2RLd1EZfxGhWW+yHZfHqOZiIkw9w+aY45bFgKrsLQmFw=="],

    "@solana/codecs-numbers": ["@solana/codecs-numbers@2.1.1", "", { "dependencies": { "@solana/codecs-core": "2.1.1", "@solana/errors": "2.1.1" }, "peerDependencies": { "typescript": ">=5.3.3" } }, ""],

    "@solana/codecs-strings": ["@solana/codecs-strings@2.1.1", "", { "dependencies": { "@solana/codecs-core": "2.1.1", "@solana/codecs-numbers": "2.1.1", "@solana/errors": "2.1.1" }, "peerDependencies": { "fastestsmallesttextencoderdecoder": "^1.0.22", "typescript": ">=5.3.3" } }, "sha512-uhj+A7eT6IJn4nuoX8jDdvZa7pjyZyN+k64EZ8+aUtJGt5Ft4NjRM8Jl5LljwYBWKQCgouVuigZHtTO2yAWExA=="],

    "@solana/errors": ["@solana/errors@2.1.1", "", { "dependencies": { "chalk": "^5.4.1", "commander": "^13.1.0" }, "peerDependencies": { "typescript": ">=5.3.3" }, "bin": { "errors": "bin/cli.mjs" } }, ""],

    "@solana/fast-stable-stringify": ["@solana/fast-stable-stringify@2.1.1", "", { "peerDependencies": { "typescript": ">=5.3.3" } }, "sha512-+gyW8plyMOURMuO9iL6eQBb5wCRwMGLO5T6jBIDGws8KR4tOtIBlQnQnzk81nNepE6lbf8tLCxS8KdYgT/P+wQ=="],

    "@solana/functional": ["@solana/functional@2.1.1", "", { "peerDependencies": { "typescript": ">=5.3.3" } }, "sha512-HePJ49Cyz4Mb26zm5holPikm8bzsBH5zLR41+gIw9jJBmIteILNnk2OO1dVkb6aJnP42mdhWSXCo3VVEGT6aEw=="],

    "@solana/instructions": ["@solana/instructions@2.1.1", "", { "dependencies": { "@solana/codecs-core": "2.1.1", "@solana/errors": "2.1.1" }, "peerDependencies": { "typescript": ">=5.3.3" } }, "sha512-Zx48hav9Lu+JuC+U0QJ8B7g7bXQZElXCjvxosIibU2C7ygDuq0ffOly0/irWJv2xmHYm6z8Hm1ILbZ5w0GhDQQ=="],

    "@solana/keys": ["@solana/keys@2.1.1", "", { "dependencies": { "@solana/assertions": "2.1.1", "@solana/codecs-core": "2.1.1", "@solana/codecs-strings": "2.1.1", "@solana/errors": "2.1.1", "@solana/nominal-types": "2.1.1" }, "peerDependencies": { "typescript": ">=5.3.3" } }, "sha512-SXuhUz1c2mVnPnB+9Z9Yw6HPluIZbMlSByr+vPFLgaPYM356bRcNnu1pa28tONiQzRBFvl9qL08SL0OaYsmqPg=="],

    "@solana/kit": ["@solana/kit@2.1.1", "", { "dependencies": { "@solana/accounts": "2.1.1", "@solana/addresses": "2.1.1", "@solana/codecs": "2.1.1", "@solana/errors": "2.1.1", "@solana/functional": "2.1.1", "@solana/instructions": "2.1.1", "@solana/keys": "2.1.1", "@solana/programs": "2.1.1", "@solana/rpc": "2.1.1", "@solana/rpc-parsed-types": "2.1.1", "@solana/rpc-spec-types": "2.1.1", "@solana/rpc-subscriptions": "2.1.1", "@solana/rpc-types": "2.1.1", "@solana/signers": "2.1.1", "@solana/sysvars": "2.1.1", "@solana/transaction-confirmation": "2.1.1", "@solana/transaction-messages": "2.1.1", "@solana/transactions": "2.1.1" }, "peerDependencies": { "typescript": ">=5.3.3" } }, "sha512-vV0otDSO9HFWIkAv7lxfeR7W6ruS/kqFYzTeRI+EuaZCgKdueavZnx9ydbpMCXis3BZ4Ao+k/ebzVWXMVvz+Lw=="],

    "@solana/nominal-types": ["@solana/nominal-types@2.1.1", "", { "peerDependencies": { "typescript": ">=5.3.3" } }, "sha512-EpdDhuoATsm9bmuduv6yoNm1EKCz2tlq13nAazaVyQvkMBHhVelyT/zq0ruUplQZbl7qyYr5hG7p1SfGgQbgSQ=="],

    "@solana/options": ["@solana/options@2.1.1", "", { "dependencies": { "@solana/codecs-core": "2.1.1", "@solana/codecs-data-structures": "2.1.1", "@solana/codecs-numbers": "2.1.1", "@solana/codecs-strings": "2.1.1", "@solana/errors": "2.1.1" }, "peerDependencies": { "typescript": ">=5.3.3" } }, "sha512-rnEExUGVOAV79kiFUEl/51gmSbBYxlcuw2VPnbAV/q53mIHoTgCwDD576N9A8wFftxaJHQFBdNuKiRrnU/fFHA=="],

    "@solana/programs": ["@solana/programs@2.1.1", "", { "dependencies": { "@solana/addresses": "2.1.1", "@solana/errors": "2.1.1" }, "peerDependencies": { "typescript": ">=5.3.3" } }, "sha512-fVOA4SEijrIrpG7GoBWhid43w3pT7RTfmMYciVKMb17s2GcnLLcTDOahPf0mlIctLtbF8PgImtzUkXQyuFGr8Q=="],

    "@solana/promises": ["@solana/promises@2.1.1", "", { "peerDependencies": { "typescript": ">=5.3.3" } }, "sha512-8M+QBgJAQD0nhHzaezwwHH4WWfJEBPiiPAjMNBbbbTHA8+oYFIGgY1HwDUePK8nrT1Q1dX3gC+epBCqBi/nnGg=="],

    "@solana/rpc": ["@solana/rpc@2.1.1", "", { "dependencies": { "@solana/errors": "2.1.1", "@solana/fast-stable-stringify": "2.1.1", "@solana/functional": "2.1.1", "@solana/rpc-api": "2.1.1", "@solana/rpc-spec": "2.1.1", "@solana/rpc-spec-types": "2.1.1", "@solana/rpc-transformers": "2.1.1", "@solana/rpc-transport-http": "2.1.1", "@solana/rpc-types": "2.1.1" }, "peerDependencies": { "typescript": ">=5.3.3" } }, "sha512-X15xAx8U0ATznkoNGPUkGIuxTIOmdew1pjQRHAtPSKQTiPbAnO1sowpt4UT7V7bB6zKPu+xKvhFizUuon0PZxg=="],

    "@solana/rpc-api": ["@solana/rpc-api@2.1.1", "", { "dependencies": { "@solana/addresses": "2.1.1", "@solana/codecs-core": "2.1.1", "@solana/codecs-strings": "2.1.1", "@solana/errors": "2.1.1", "@solana/keys": "2.1.1", "@solana/rpc-parsed-types": "2.1.1", "@solana/rpc-spec": "2.1.1", "@solana/rpc-transformers": "2.1.1", "@solana/rpc-types": "2.1.1", "@solana/transaction-messages": "2.1.1", "@solana/transactions": "2.1.1" }, "peerDependencies": { "typescript": ">=5.3.3" } }, "sha512-MTBuoRA9HtxW+CRpj1Ls5XVhDe00g8mW2Ib4/0k6ThFS0+cmjf+O78d8hgjQMqTtuzzSLZ4355+C7XEAuzSQ4g=="],

    "@solana/rpc-parsed-types": ["@solana/rpc-parsed-types@2.1.1", "", { "peerDependencies": { "typescript": ">=5.3.3" } }, "sha512-+n1IWYYglevvNE1neMiLOH6W67EzmWj8GaRlwGxcyu6MwSc/8x1bd2hnEkgK6md+ObPOxoOBdxQXIY/xnZgLcw=="],

    "@solana/rpc-spec": ["@solana/rpc-spec@2.1.1", "", { "dependencies": { "@solana/errors": "2.1.1", "@solana/rpc-spec-types": "2.1.1" }, "peerDependencies": { "typescript": ">=5.3.3" } }, "sha512-3Hd21XpaKtW3tG0oXAUlc1k0hX7/eqHpf8Gg744sr9G3ib5gT7EopcZRsH5LdESgS0nbv/c75TznCXjaUyRi+g=="],

    "@solana/rpc-spec-types": ["@solana/rpc-spec-types@2.1.1", "", { "peerDependencies": { "typescript": ">=5.3.3" } }, "sha512-3/G/MTi/c70TVZcB0DJjh5AGV7xqOYrjrpnIg+rLZuH65qHMimWiTHj0k8lxTzRMrN06Ed0+Q7SCw9hO/grTHA=="],

    "@solana/rpc-subscriptions": ["@solana/rpc-subscriptions@2.1.1", "", { "dependencies": { "@solana/errors": "2.1.1", "@solana/fast-stable-stringify": "2.1.1", "@solana/functional": "2.1.1", "@solana/promises": "2.1.1", "@solana/rpc-spec-types": "2.1.1", "@solana/rpc-subscriptions-api": "2.1.1", "@solana/rpc-subscriptions-channel-websocket": "2.1.1", "@solana/rpc-subscriptions-spec": "2.1.1", "@solana/rpc-transformers": "2.1.1", "@solana/rpc-types": "2.1.1", "@solana/subscribable": "2.1.1" }, "peerDependencies": { "typescript": ">=5.3.3" } }, "sha512-xGLIuJHxg0oCNiS40NW/5BPxHM5RurLcEmBAN1VmVtINWTm8wSbEo85a5q7cbMlPP4Vu/28lD7IITjS5qb84UQ=="],

    "@solana/rpc-subscriptions-api": ["@solana/rpc-subscriptions-api@2.1.1", "", { "dependencies": { "@solana/addresses": "2.1.1", "@solana/keys": "2.1.1", "@solana/rpc-subscriptions-spec": "2.1.1", "@solana/rpc-transformers": "2.1.1", "@solana/rpc-types": "2.1.1", "@solana/transaction-messages": "2.1.1", "@solana/transactions": "2.1.1" }, "peerDependencies": { "typescript": ">=5.3.3" } }, "sha512-b4JuVScYGaEgO3jszYf7LqXdJK4GoUIevXcyQWq4Zk+R7P41VxGQWa2kzdPX9LIi+UGBmCThdRBfgOYyyHRKDg=="],

    "@solana/rpc-subscriptions-channel-websocket": ["@solana/rpc-subscriptions-channel-websocket@2.1.1", "", { "dependencies": { "@solana/errors": "2.1.1", "@solana/functional": "2.1.1", "@solana/rpc-subscriptions-spec": "2.1.1", "@solana/subscribable": "2.1.1" }, "peerDependencies": { "typescript": ">=5.3.3", "ws": "^8.18.0" } }, "sha512-xEDnMXnwMtKDEpzmIXTkxxvLqGsxqlKILmyfGsQOMJ9RHYkHmz/8MarHcjnYhyZ5lrs2irN/wExUNlSZTegSEw=="],

    "@solana/rpc-subscriptions-spec": ["@solana/rpc-subscriptions-spec@2.1.1", "", { "dependencies": { "@solana/errors": "2.1.1", "@solana/promises": "2.1.1", "@solana/rpc-spec-types": "2.1.1", "@solana/subscribable": "2.1.1" }, "peerDependencies": { "typescript": ">=5.3.3" } }, "sha512-ANT5Tub/ZqqewRtklz02km8iCUe0qwBGi3wsKTgiX7kRx3izHn6IHl90w1Y19wPd692mfZW8+Pk5PUrMSXhR3g=="],

    "@solana/rpc-transformers": ["@solana/rpc-transformers@2.1.1", "", { "dependencies": { "@solana/errors": "2.1.1", "@solana/functional": "2.1.1", "@solana/nominal-types": "2.1.1", "@solana/rpc-spec-types": "2.1.1", "@solana/rpc-types": "2.1.1" }, "peerDependencies": { "typescript": ">=5.3.3" } }, "sha512-rBOCDQjOI1eQICkqYFV43SsiPdLcahgnrGuDNorS3uOe70pQRPs1PTuuEHqLBwuu9GRw89ifRy49aBNUNmX8uQ=="],

    "@solana/rpc-transport-http": ["@solana/rpc-transport-http@2.1.1", "", { "dependencies": { "@solana/errors": "2.1.1", "@solana/rpc-spec": "2.1.1", "@solana/rpc-spec-types": "2.1.1", "undici-types": "^7.9.0" }, "peerDependencies": { "typescript": ">=5.3.3" } }, "sha512-Wp7018VaPqhodQjQTDlCM7vTYlm3AdmRyvPZiwv5uzFgnC8B0xhEZW+ZSt1zkSXS6WrKqtufobuBFGtfG6v5KQ=="],

    "@solana/rpc-types": ["@solana/rpc-types@2.1.1", "", { "dependencies": { "@solana/addresses": "2.1.1", "@solana/codecs-core": "2.1.1", "@solana/codecs-numbers": "2.1.1", "@solana/codecs-strings": "2.1.1", "@solana/errors": "2.1.1", "@solana/nominal-types": "2.1.1" }, "peerDependencies": { "typescript": ">=5.3.3" } }, "sha512-IaQKiWyTVvDoD0/3IlUxRY3OADj3cEjfLFCp1JvEdl0ANGReHp4jtqUqrYEeAdN/tGmGoiHt3n4x61wR0zFoJA=="],

    "@solana/signers": ["@solana/signers@2.1.1", "", { "dependencies": { "@solana/addresses": "2.1.1", "@solana/codecs-core": "2.1.1", "@solana/errors": "2.1.1", "@solana/instructions": "2.1.1", "@solana/keys": "2.1.1", "@solana/nominal-types": "2.1.1", "@solana/transaction-messages": "2.1.1", "@solana/transactions": "2.1.1" }, "peerDependencies": { "typescript": ">=5.3.3" } }, "sha512-OfYEUgrJSrBDTC43kSQCz9A12A9+6xt2azmG8pP78yXN/bDzDmYF2i4nSzg/JzjjA5hBBYtDJ+15qpS/4cSgug=="],

    "@solana/subscribable": ["@solana/subscribable@2.1.1", "", { "dependencies": { "@solana/errors": "2.1.1" }, "peerDependencies": { "typescript": ">=5.3.3" } }, "sha512-k6qe/Iu94nVtapap9Ei+3mm14gx1H+7YgB6n2bj9qJCdVN6z6ZN9nPtDY2ViIH4qAnxyh7pJKF7iCwNC/iALcw=="],

    "@solana/sysvars": ["@solana/sysvars@2.1.1", "", { "dependencies": { "@solana/accounts": "2.1.1", "@solana/codecs": "2.1.1", "@solana/errors": "2.1.1", "@solana/rpc-types": "2.1.1" }, "peerDependencies": { "typescript": ">=5.3.3" } }, "sha512-bG7hNFpFqZm6qk763z5/P9g9Nxc0WXe+aYl6CQSptaPsmqUz1GhlBjAov9ePVFb29MmyMZ5bA+kmCTytiHK1fQ=="],

    "@solana/transaction-confirmation": ["@solana/transaction-confirmation@2.1.1", "", { "dependencies": { "@solana/addresses": "2.1.1", "@solana/codecs-strings": "2.1.1", "@solana/errors": "2.1.1", "@solana/keys": "2.1.1", "@solana/promises": "2.1.1", "@solana/rpc": "2.1.1", "@solana/rpc-subscriptions": "2.1.1", "@solana/rpc-types": "2.1.1", "@solana/transaction-messages": "2.1.1", "@solana/transactions": "2.1.1" }, "peerDependencies": { "typescript": ">=5.3.3" } }, "sha512-hXv0D80u1jNEq2/k1o9IBXXq7+JYg8x4tm0kVWjzvdJjYow8EkQay5quq5o0ciFfWqlOyFwYRC7AGrKc3imE7A=="],

    "@solana/transaction-messages": ["@solana/transaction-messages@2.1.1", "", { "dependencies": { "@solana/addresses": "2.1.1", "@solana/codecs-core": "2.1.1", "@solana/codecs-data-structures": "2.1.1", "@solana/codecs-numbers": "2.1.1", "@solana/errors": "2.1.1", "@solana/functional": "2.1.1", "@solana/instructions": "2.1.1", "@solana/nominal-types": "2.1.1", "@solana/rpc-types": "2.1.1" }, "peerDependencies": { "typescript": ">=5.3.3" } }, "sha512-sDf3OWV5X1C8huqsap+DyHIBAUenNJd3h7j/WI9MeIJZdGEtqxssGa2ixhecsMaevtUBKKJM9RqAvfTdRTAnLw=="],

    "@solana/transactions": ["@solana/transactions@2.1.1", "", { "dependencies": { "@solana/addresses": "2.1.1", "@solana/codecs-core": "2.1.1", "@solana/codecs-data-structures": "2.1.1", "@solana/codecs-numbers": "2.1.1", "@solana/codecs-strings": "2.1.1", "@solana/errors": "2.1.1", "@solana/functional": "2.1.1", "@solana/instructions": "2.1.1", "@solana/keys": "2.1.1", "@solana/nominal-types": "2.1.1", "@solana/rpc-types": "2.1.1", "@solana/transaction-messages": "2.1.1" }, "peerDependencies": { "typescript": ">=5.3.3" } }, "sha512-LX/7XfcHH9o0Kpv+tpnCl56IaatD/0sMWw9NnaeZ2f7pJyav9Jmeu5LJXvdHJw2jh277UEqc9bHwKruoMrtOTw=="],

    "@types/node": ["@types/node@24.0.10", "", { "dependencies": { "undici-types": "~7.8.0" } }, "sha512-ENHwaH+JIRTDIEEbDK6QSQntAYGtbvdDXnMXnZaZ6k13Du1dPMmprkEHIL7ok2Wl2aZevetwTAb5S+7yIF+enA=="],

    "a-sync-waterfall": ["a-sync-waterfall@1.0.1", "", {}, "sha512-RYTOHHdWipFUliRFMCS4X2Yn2X8M87V/OpSqWzKKOGhzqyUxzyVmhHDH9sAvG+ZuQf/TAOFsLCpMw09I1ufUnA=="],

    "anymatch": ["anymatch@3.1.3", "", { "dependencies": { "normalize-path": "^3.0.0", "picomatch": "^2.0.4" } }, "sha512-KMReFUr0B4t+D+OBkjR3KYqvocp2XaSzO55UcB6mgQMd3KbcE+mWTyvVV7D/zsdEbNnV6acZUutkiHQXvTr1Rw=="],

    "asap": ["asap@2.0.6", "", {}, "sha512-BSHWgDSAiKs50o2Re8ppvp3seVHXSRM44cdSsT9FfNEUUZLOGWVCsiWaRPWM1Znn+mqZ1OfVZ3z3DWEzSp7hRA=="],

    "base-x": ["base-x@5.0.1", "", {}, "sha512-M7uio8Zt++eg3jPj+rHMfCC+IuygQHHCOU+IYsVtik6FWjuYpVt/+MRKcgsAMHh8mMFAwnB+Bs+mTrFiXjMzKg=="],

    "binary-extensions": ["binary-extensions@2.3.0", "", {}, "sha512-Ceh+7ox5qe7LJuLHoY0feh3pHuUDHAcRUeyL2VYghZwfpkNIy/+8Ocg0a3UuSoYzavmylwuLWQOf3hl0jjMMIw=="],

    "braces": ["braces@3.0.3", "", { "dependencies": { "fill-range": "^7.1.1" } }, "sha512-yQbXgO/OSZVD2IsiLlro+7Hf6Q18EJrKSEsdoMzKePKXct3gvD8oLcOQdIzGupr5Fj+EDe8gO/lxc1BzfMpxvA=="],

    "bs58": ["bs58@6.0.0", "", { "dependencies": { "base-x": "^5.0.0" } }, "sha512-PD0wEnEYg6ijszw/u8s+iI3H17cTymlrwkKhDhPZq+Sokl3AU4htyBFTjAeNAlCCmg0f53g6ih3jATyCKftTfw=="],

    "bufferutil": ["bufferutil@4.0.9", "", { "dependencies": { "node-gyp-build": "^4.3.0" } }, ""],

    "call-bind": ["call-bind@1.0.8", "", { "dependencies": { "call-bind-apply-helpers": "^1.0.0", "es-define-property": "^1.0.0", "get-intrinsic": "^1.2.4", "set-function-length": "^1.2.2" } }, "sha512-oKlSFMcMwpUg2ednkhQ454wfWiU/ul3CkJe/PEHcTKuiX6RpbehUiFMXu13HalGZxfUwCQzZG747YXBn1im9ww=="],

    "call-bind-apply-helpers": ["call-bind-apply-helpers@1.0.2", "", { "dependencies": { "es-errors": "^1.3.0", "function-bind": "^1.1.2" } }, "sha512-Sp1ablJ0ivDkSzjcaJdxEunN5/XvksFJ2sMBFfq6x0ryhQV/2b/KwFe21cMpmHtPOSij8K99/wSfoEuTObmuMQ=="],

    "call-bound": ["call-bound@1.0.4", "", { "dependencies": { "call-bind-apply-helpers": "^1.0.2", "get-intrinsic": "^1.3.0" } }, "sha512-+ys997U96po4Kx/ABpBCqhA9EuxJaQWDQg7295H4hBphv3IZg0boBKuwYpt4YXp6MZ5AmZQnU/tyMTlRpaSejg=="],

    "chalk": ["chalk@5.4.1", "", {}, "sha512-zgVZuo2WcZgfUEmsn6eO3kINexW8RAE4maiQ8QNs8CtpPCSyMiYsULR3HQYkm3w8FIA3SberyMJMSldGsW+U3w=="],

    "chokidar": ["chokidar@3.6.0", "", { "dependencies": { "anymatch": "~3.1.2", "braces": "~3.0.2", "glob-parent": "~5.1.2", "is-binary-path": "~2.1.0", "is-glob": "~4.0.1", "normalize-path": "~3.0.0", "readdirp": "~3.6.0" }, "optionalDependencies": { "fsevents": "~2.3.2" } }, "sha512-7VT13fmjotKpGipCW9JEQAusEPE+Ei8nl6/g4FBAmIm0GOOLMua9NDDo/DWp0ZAxCr3cPq5ZpBqmPAQgDda2Pw=="],

    "codama": ["codama@1.3.0", "", { "dependencies": { "@codama/errors": "1.3.0", "@codama/nodes": "1.3.0", "@codama/validators": "1.3.0", "@codama/visitors": "1.3.0" } }, "sha512-rqnD0DRq7H3yJce3nDU1Kdy3Y/TsC/GirS4VazG7AEJ5UbR0fGIoThWWOpl2d5J1JmsaheY7APCY4PpnEZBoJA=="],

    "commander": ["commander@13.1.0", "", {}, "sha512-/rFeCpNJQbhSZjGVwO9RFV3xPqbnERS8MmIQzCtD/zl6gpJuV/bMLuN92oG3F7d8oDEHHRrujSXNUr8fpjntKw=="],

    "define-data-property": ["define-data-property@1.1.4", "", { "dependencies": { "es-define-property": "^1.0.0", "es-errors": "^1.3.0", "gopd": "^1.0.1" } }, "sha512-rBMvIzlpA8v6E+SJZoo++HAYqsLrkg7MSfIinMPFhmkorw7X+dOXVJQs+QT69zGkzMyfDnIMN2Wid1+NbL3T+A=="],

    "dotenv": ["dotenv@16.5.0", "", {}, "sha512-m/C+AwOAr9/W1UOIZUo232ejMNnJAJtYQjUbHoNTBNTJSvqzzDh7vnrei3o3r3m9blf6ZoDkvcw0VmozNRFJxg=="],

    "dunder-proto": ["dunder-proto@1.0.1", "", { "dependencies": { "call-bind-apply-helpers": "^1.0.1", "es-errors": "^1.3.0", "gopd": "^1.2.0" } }, "sha512-KIN/nDJBQRcXw0MLVhZE9iQHmG68qAVIBg9CqmUYjmQIhgij9U5MFvrqkUL5FbtyyzZuOeOt0zdeRe4UY7ct+A=="],

    "es-define-property": ["es-define-property@1.0.1", "", {}, "sha512-e3nRfgfUZ4rNGL232gUgX06QNyyez04KdjFrF+LTRoOXmrOgFKDg4BCdsjW8EnT69eqdYGmRpJwiPVYNrCaW3g=="],

    "es-errors": ["es-errors@1.3.0", "", {}, "sha512-Zf5H2Kxt2xjTvbJvP2ZWLEICxA6j+hAmMzIlypy4xcBg1vKVnx89Wy0GbS+kf5cwCVFFzdCFh2XSCFNULS6csw=="],

    "es-object-atoms": ["es-object-atoms@1.1.1", "", { "dependencies": { "es-errors": "^1.3.0" } }, "sha512-FGgH2h8zKNim9ljj7dankFPcICIK9Cp5bm+c2gQSYePhpaG5+esrLODihIorn+Pe6FGJzWhXQotPv73jTaldXA=="],

    "esbuild": ["esbuild@0.25.5", "", { "optionalDependencies": { "@esbuild/aix-ppc64": "0.25.5", "@esbuild/android-arm": "0.25.5", "@esbuild/android-arm64": "0.25.5", "@esbuild/android-x64": "0.25.5", "@esbuild/darwin-arm64": "0.25.5", "@esbuild/darwin-x64": "0.25.5", "@esbuild/freebsd-arm64": "0.25.5", "@esbuild/freebsd-x64": "0.25.5", "@esbuild/linux-arm": "0.25.5", "@esbuild/linux-arm64": "0.25.5", "@esbuild/linux-ia32": "0.25.5", "@esbuild/linux-loong64": "0.25.5", "@esbuild/linux-mips64el": "0.25.5", "@esbuild/linux-ppc64": "0.25.5", "@esbuild/linux-riscv64": "0.25.5", "@esbuild/linux-s390x": "0.25.5", "@esbuild/linux-x64": "0.25.5", "@esbuild/netbsd-arm64": "0.25.5", "@esbuild/netbsd-x64": "0.25.5", "@esbuild/openbsd-arm64": "0.25.5", "@esbuild/openbsd-x64": "0.25.5", "@esbuild/sunos-x64": "0.25.5", "@esbuild/win32-arm64": "0.25.5", "@esbuild/win32-ia32": "0.25.5", "@esbuild/win32-x64": "0.25.5" }, "bin": "bin/esbuild" }, "sha512-P8OtKZRv/5J5hhz0cUAdu/cLuPIKXpQl1R9pZtvmHWQvrAUVd0UNIPT4IB4W3rNOqVO0rlqHmCIbSwxh/c9yUQ=="],

    "fastestsmallesttextencoderdecoder": ["fastestsmallesttextencoderdecoder@1.0.22", "", {}, "sha512-Pb8d48e+oIuY4MaM64Cd7OW1gt4nxCHs7/ddPPZ/Ic3sg8yVGM7O9wDvZ7us6ScaUupzM+pfBolwtYhN1IxBIw=="],

    "fill-range": ["fill-range@7.1.1", "", { "dependencies": { "to-regex-range": "^5.0.1" } }, "sha512-YsGpe3WHLK8ZYi4tWDg2Jy3ebRz2rXowDxnld4bkQB00cc/1Zw9AWnC0i9ztDJitivtQvaI9KaLyKrc+hBW0yg=="],

    "fsevents": ["fsevents@2.3.3", "", { "os": "darwin" }, "sha512-5xoDfX+fL7faATnagmWPpbFtwh/R77WmMMqqHGS65C3vvB0YHrgF+B1YmZ3441tMj5n63k0212XNoJwzlhffQw=="],

    "function-bind": ["function-bind@1.1.2", "", {}, "sha512-7XHNxH7qX9xG5mIwxkhumTox/MIRNcOgDrxWsMt2pAr23WHp6MrRlN7FBSFpCpr+oVO0F744iUgR82nJMfG2SA=="],

    "get-intrinsic": ["get-intrinsic@1.3.0", "", { "dependencies": { "call-bind-apply-helpers": "^1.0.2", "es-define-property": "^1.0.1", "es-errors": "^1.3.0", "es-object-atoms": "^1.1.1", "function-bind": "^1.1.2", "get-proto": "^1.0.1", "gopd": "^1.2.0", "has-symbols": "^1.1.0", "hasown": "^2.0.2", "math-intrinsics": "^1.1.0" } }, "sha512-9fSjSaos/fRIVIp+xSJlE6lfwhES7LNtKaCBIamHsjr2na1BiABJPo0mOjjz8GJDURarmCPGqaiVg5mfjb98CQ=="],

    "get-proto": ["get-proto@1.0.1", "", { "dependencies": { "dunder-proto": "^1.0.1", "es-object-atoms": "^1.0.0" } }, "sha512-sTSfBjoXBp89JvIKIefqw7U2CCebsc74kiY6awiGogKtoSGbgjYE/G/+l9sF3MWFPNc9IcoOC4ODfKHfxFmp0g=="],

    "get-tsconfig": ["get-tsconfig@4.10.1", "", { "dependencies": { "resolve-pkg-maps": "^1.0.0" } }, "sha512-auHyJ4AgMz7vgS8Hp3N6HXSmlMdUyhSUrfBF16w153rxtLIEOE+HGqaBppczZvnHLqQJfiHotCYpNhl0lUROFQ=="],

    "glob-parent": ["glob-parent@5.1.2", "", { "dependencies": { "is-glob": "^4.0.1" } }, "sha512-AOIgSQCepiJYwP3ARnGx+5VnTu2HBYdzbGP45eLw1vr3zB3vZLeyed1sC9hnbcOc9/SrMyM5RPQrkGz4aS9Zow=="],

    "gopd": ["gopd@1.2.0", "", {}, "sha512-ZUKRh6/kUFoAiTAtTYPZJ3hw9wNxx+BIBOijnlG9PnrJsCcSjs1wyyD6vJpaYtgnzDrKYRSqf3OO6Rfa93xsRg=="],

    "has-property-descriptors": ["has-property-descriptors@1.0.2", "", { "dependencies": { "es-define-property": "^1.0.0" } }, "sha512-55JNKuIW+vq4Ke1BjOTjM2YctQIvCT7GFzHwmfZPGo5wnrgkid0YQtnAleFSqumZm4az3n2BS+erby5ipJdgrg=="],

    "has-symbols": ["has-symbols@1.1.0", "", {}, "sha512-1cDNdwJ2Jaohmb3sg4OmKaMBwuC48sYni5HUw2DvsC8LjGTLK9h+eb1X6RyuOHe4hT0ULCW68iomhjUoKUqlPQ=="],

    "hasown": ["hasown@2.0.2", "", { "dependencies": { "function-bind": "^1.1.2" } }, "sha512-0hJU9SCPvmMzIBdZFqNPXWa6dqh7WdH0cII9y+CyS8rG3nL48Bclra9HmKhVVUHyPWNH5Y7xDwAB7bfgSjkUMQ=="],

    "is-binary-path": ["is-binary-path@2.1.0", "", { "dependencies": { "binary-extensions": "^2.0.0" } }, "sha512-ZMERYes6pDydyuGidse7OsHxtbI7WVeUEozgR/g7rd0xUimYNlvZRE/K2MgZTjWy725IfelLeVcEM97mmtRGXw=="],

    "is-extglob": ["is-extglob@2.1.1", "", {}, "sha512-SbKbANkN603Vi4jEZv49LeVJMn4yGwsbzZworEoyEiutsN3nJYdbO36zfhGJ6QEDpOZIFkDtnq5JRxmvl3jsoQ=="],

    "is-glob": ["is-glob@4.0.3", "", { "dependencies": { "is-extglob": "^2.1.1" } }, "sha512-xelSayHH36ZgE7ZWhli7pW34hNbNl8Ojv5KVmkJD4hBdD3th8Tfk9vYasLM+mXWOZhFkgZfxhLSnrwRr4elSSg=="],

    "is-number": ["is-number@7.0.0", "", {}, "sha512-41Cifkg6e8TylSpdtTpeLVMqvSBEVzTttHvERD741+pnZ8ANv0004MRL43QKPDlK9cGvNp6NZWZUBlbGXYxxng=="],

    "isarray": ["isarray@2.0.5", "", {}, "sha512-xHjhDr3cNBK0BzdUJSPXZntQUx/mwMS5Rw4A7lPJ90XGAO6ISP/ePDNuo0vhqOZU+UD5JoodwCAAoZQd3FeAKw=="],

    "json-stable-stringify": ["json-stable-stringify@1.3.0", "", { "dependencies": { "call-bind": "^1.0.8", "call-bound": "^1.0.4", "isarray": "^2.0.5", "jsonify": "^0.0.1", "object-keys": "^1.1.1" } }, "sha512-qtYiSSFlwot9XHtF9bD9c7rwKjr+RecWT//ZnPvSmEjpV5mmPOCN4j8UjY5hbjNkOwZ/jQv3J6R1/pL7RwgMsg=="],

    "jsonify": ["jsonify@0.0.1", "", {}, "sha512-2/Ki0GcmuqSrgFyelQq9M05y7PS0mEwuIzrf3f1fPqkVDVRvZrPZtVSMHxdgo8Aq0sxAOb/cr2aqqA3LeWHVPg=="],

    "math-intrinsics": ["math-intrinsics@1.1.0", "", {}, "sha512-/IXtbwEk5HTPyEwyKX6hGkYXxM9nbj64B+ilVJnC/R6B0pH5G4V3b0pVbL7DBj4tkhBAppbQUlf6F6Xl9LHu1g=="],

    "node-gyp-build": ["node-gyp-build@4.8.4", "", { "bin": { "node-gyp-build": "bin.js", "node-gyp-build-optional": "optional.js", "node-gyp-build-test": "build-test.js" } }, ""],

    "normalize-path": ["normalize-path@3.0.0", "", {}, "sha512-6eZs5Ls3WtCisHWp9S2GUy8dqkpGi4BVSz3GaqiE6ezub0512ESztXUwUB6C6IKbQkY2Pnb/mD4WYojCRwcwLA=="],

    "nunjucks": ["nunjucks@3.2.4", "", { "dependencies": { "a-sync-waterfall": "^1.0.0", "asap": "^2.0.3", "commander": "^5.1.0" }, "peerDependencies": { "chokidar": "^3.3.0" }, "bin": { "nunjucks-precompile": "bin/precompile" } }, "sha512-26XRV6BhkgK0VOxfbU5cQI+ICFUtMLixv1noZn1tGU38kQH5A5nmmbk/O45xdyBhD1esk47nKrY0mvQpZIhRjQ=="],

    "object-keys": ["object-keys@1.1.1", "", {}, "sha512-NuAESUOUMrlIXOfHKzD6bpPu3tYt3xvjNdRIQ+FeT0lNb4K8WR70CaDxhuNguS2XG+GjkyMwOzsN5ZktImfhLA=="],

    "picomatch": ["picomatch@2.3.1", "", {}, "sha512-JU3teHTNjmE2VCGFzuY8EXzCDVwEqB2a8fsIvwaStHhAWJEeVd1o1QD80CU6+ZdEXXSLbSsuLwJjkCBWqRQUVA=="],

    "prettier": ["prettier@3.6.2", "", { "bin": { "prettier": "bin/prettier.cjs" } }, "sha512-I7AIg5boAr5R0FFtJ6rCfD+LFsWHp81dolrFD8S79U9tb8Az2nGrJncnMSnys+bpQJfRUzqs9hnA81OAA3hCuQ=="],

    "readdirp": ["readdirp@3.6.0", "", { "dependencies": { "picomatch": "^2.2.1" } }, "sha512-hOS089on8RduqdbhvQ5Z37A0ESjsqz6qnRcffsMU3495FuTdqSm+7bhJ29JvIOsBDEEnan5DPu9t3To9VRlMzA=="],

    "resolve-pkg-maps": ["resolve-pkg-maps@1.0.0", "", {}, "sha512-seS2Tj26TBVOC2NIc2rOe2y2ZO7efxITtLZcGSOnHHNOQ7CkiUBfw0Iw2ck6xkIhPwLhKNLS8BO+hEpngQlqzw=="],

    "set-function-length": ["set-function-length@1.2.2", "", { "dependencies": { "define-data-property": "^1.1.4", "es-errors": "^1.3.0", "function-bind": "^1.1.2", "get-intrinsic": "^1.2.4", "gopd": "^1.0.1", "has-property-descriptors": "^1.0.2" } }, "sha512-pgRc4hJ4/sNjWCSS9AmnS40x3bNMDTknHgL5UaMBTMyJnU90EgWh1Rz+MC9eFu4BuN/UwZjKQuY/1v3rM7HMfg=="],

    "solana-kite": ["solana-kite@1.4.0", "", { "dependencies": { "@solana-program/compute-budget": "^0.7.0", "@solana-program/memo": "^0.7.0", "@solana-program/system": "^0.7.0", "@solana-program/token": "^0.5.1", "@solana-program/token-2022": "^0.4.0", "@solana/assertions": "^2.0.1-canary-20241114225255", "@solana/errors": "^2.0.1-canary-20241114225255", "@solana/kit": "^2.1.0", "@solana/transaction-confirmation": "^2.0.0", "bs58": "^6.0.0", "dotenv": "^16.4.5" } }, "sha512-TbrmbNsDpcUr5GR7ZMCJ+RV47n6hxH78aIfSUnTBoVCASyyWWLQltjb65msPtqIz9Vd9FMN1kdT9fXm0yc6yrA=="],

    "to-regex-range": ["to-regex-range@5.0.1", "", { "dependencies": { "is-number": "^7.0.0" } }, "sha512-65P7iz6X5yEr1cwcgvQxbbIw7Uk3gOy5dIdtZ4rDveLqhrdJP+Li/Hx6tyK0NEb+2GCyneCMJiGqrADCSNk8sQ=="],

    "tsx": ["tsx@4.20.3", "", { "dependencies": { "esbuild": "~0.25.0", "get-tsconfig": "^4.7.5" }, "optionalDependencies": { "fsevents": "~2.3.3" }, "bin": { "tsx": "dist/cli.mjs" } }, "sha512-qjbnuR9Tr+FJOMBqJCW5ehvIo/buZq7vH7qD7JziU98h6l3qGy0a/yPFjwO+y0/T7GFpNgNAvEcPPVfyT8rrPQ=="],

    "typescript": ["typescript@5.8.3", "", { "bin": { "tsc": "bin/tsc", "tsserver": "bin/tsserver" } }, ""],

    "undici-types": ["undici-types@7.8.0", "", {}, "sha512-9UJ2xGDvQ43tYyVMpuHlsgApydB8ZKfVYTsLDhXkFL/6gfkp+U8xTGdh8pMJv1SpZna0zxG1DwsKZsreLbXBxw=="],

    "utf-8-validate": ["utf-8-validate@5.0.10", "", { "dependencies": { "node-gyp-build": "^4.3.0" } }, ""],

    "ws": ["ws@8.18.2", "", { "peerDependencies": { "bufferutil": "^4.0.1", "utf-8-validate": ">=5.0.2" } }, "sha512-DMricUmwGZUVr++AEAe2uiVM7UoO9MAVZMDu05UQOaUII0lp+zOzLLU4Xqh/JvTqklB1T4uELaaPBKyjE1r4fQ=="],

    "@codama/renderers-js/prettier": ["prettier@3.5.3", "", { "bin": "bin/prettier.cjs" }, "sha512-QQtaxnoDJeAkDvDKWCLiwIXkTgRhwYDEQCghU9Z6q03iyek/rxRh/2lC3HB7P8sWT2xC/y5JDctPLBIGzHKbhw=="],

    "@codama/renderers-js-umi/nunjucks": ["nunjucks@3.2.4", "", { "dependencies": { "a-sync-waterfall": "^1.0.0", "asap": "^2.0.3", "commander": "^5.1.0" }, "peerDependencies": { "chokidar": "^3.3.0" }, "bin": { "nunjucks-precompile": "bin/precompile" } }, "sha512-26XRV6BhkgK0VOxfbU5cQI+ICFUtMLixv1noZn1tGU38kQH5A5nmmbk/O45xdyBhD1esk47nKrY0mvQpZIhRjQ=="],

    "@codama/renderers-js-umi/prettier": ["prettier@3.5.3", "", { "bin": "bin/prettier.cjs" }, "sha512-QQtaxnoDJeAkDvDKWCLiwIXkTgRhwYDEQCghU9Z6q03iyek/rxRh/2lC3HB7P8sWT2xC/y5JDctPLBIGzHKbhw=="],

    "@codama/renderers-rust/@solana/codecs-strings": ["@solana/codecs-strings@2.0.0-rc.4", "", { "dependencies": { "@solana/codecs-core": "2.0.0-rc.4", "@solana/codecs-numbers": "2.0.0-rc.4", "@solana/errors": "2.0.0-rc.4" }, "peerDependencies": { "fastestsmallesttextencoderdecoder": "^1.0.22", "typescript": ">=5" } }, "sha512-LGfK2RL0BKjYYUfzu2FG/gTgCsYOMz9FKVs2ntji6WneZygPxJTV5W98K3J8Rl0JewpCSCFQH3xjLSHBJUS0fA=="],

    "@solana/errors/chalk": ["chalk@5.4.1", "", {}, ""],

    "@solana/errors/commander": ["commander@13.1.0", "", {}, ""],

    "@solana/rpc-transport-http/undici-types": ["undici-types@7.10.0", "", {}, "sha512-t5Fy/nfn+14LuOc2KNYg75vZqClpAiqscVvMygNnlsHBFpSXdJaYtXMcdNLpl/Qvc3P2cB3s6lOV51nqsFq4ag=="],

    "nunjucks/commander": ["commander@5.1.0", "", {}, "sha512-P0CysNDQ7rtVw4QIQtm+MRxV66vKFSvlsQvGYXZWR3qFU0jlMKHZZZgw8e+8DSah4UDKMqnknRDQz+xuQXQ/Zg=="],

    "@codama/renderers-js-umi/nunjucks/commander": ["commander@5.1.0", "", {}, "sha512-P0CysNDQ7rtVw4QIQtm+MRxV66vKFSvlsQvGYXZWR3qFU0jlMKHZZZgw8e+8DSah4UDKMqnknRDQz+xuQXQ/Zg=="],

    "@codama/renderers-rust/@solana/codecs-strings/@solana/codecs-core": ["@solana/codecs-core@2.0.0-rc.4", "", { "dependencies": { "@solana/errors": "2.0.0-rc.4" }, "peerDependencies": { "typescript": ">=5" } }, "sha512-JIrTSps032mSE3wBxW3bXOqWfoy4CMy1CX/XeVCijyh5kLVxZTSDIdRTYdePdL1yzaOZF1Xysvt1DhOUgBdM+A=="],

    "@codama/renderers-rust/@solana/codecs-strings/@solana/codecs-numbers": ["@solana/codecs-numbers@2.0.0-rc.4", "", { "dependencies": { "@solana/codecs-core": "2.0.0-rc.4", "@solana/errors": "2.0.0-rc.4" }, "peerDependencies": { "typescript": ">=5" } }, "sha512-ZJR7TaUO65+3Hzo3YOOUCS0wlzh17IW+j0MZC2LCk1R0woaypRpHKj4iSMYeQOZkMxsd9QT3WNvjFrPC2qA6Sw=="],

    "@codama/renderers-rust/@solana/codecs-strings/@solana/errors": ["@solana/errors@2.0.0-rc.4", "", { "dependencies": { "chalk": "^5.3.0", "commander": "^12.1.0" }, "peerDependencies": { "typescript": ">=5" }, "bin": { "errors": "bin/cli.mjs" } }, "sha512-0PPaMyB81keEHG/1pnyEuiBVKctbXO641M2w3CIOrYT/wzjunfF0FTxsqq9wYJeYo0AyiefCKGgSPs6wiY2PpQ=="],

    "@codama/renderers-rust/@solana/codecs-strings/@solana/errors/commander": ["commander@12.1.0", "", {}, "sha512-Vw8qHK3bZM9y/P10u3Vib8o/DdkvA2OtPtZvD871QKjy74Wj1WSKFILMPRPSdUSx5RFK1arlJzEtA4PkFgnbuA=="],
  }
}
